// !$*UTF8*$!
{
	archiveVersion = 1;
	classes = {
	};
	objectVersion = 46;
	objects = {

/* Begin PBXBuildFile section */
		751950C119D3AD51007ED03C /* AppDelegate.swift in Sources */ = {isa = PBXBuildFile; fileRef = 751950C019D3AD51007ED03C /* AppDelegate.swift */; };
		751950C319D3AD51007ED03C /* ViewController.swift in Sources */ = {isa = PBXBuildFile; fileRef = 751950C219D3AD51007ED03C /* ViewController.swift */; };
		751950C619D3AD51007ED03C /* Main.storyboard in Resources */ = {isa = PBXBuildFile; fileRef = 751950C419D3AD51007ED03C /* Main.storyboard */; };
		751950C819D3AD51007ED03C /* Images.xcassets in Resources */ = {isa = PBXBuildFile; fileRef = 751950C719D3AD51007ED03C /* Images.xcassets */; };
		751950CB19D3AD51007ED03C /* LaunchScreen.xib in Resources */ = {isa = PBXBuildFile; fileRef = 751950C919D3AD51007ED03C /* LaunchScreen.xib */; };
		751950D719D3AD51007ED03C /* ios_twitter_clientTests.swift in Sources */ = {isa = PBXBuildFile; fileRef = 751950D619D3AD51007ED03C /* ios_twitter_clientTests.swift */; };
		751BED2619D8C1DB0072F597 /* favorite_grey_off.png in Resources */ = {isa = PBXBuildFile; fileRef = 751BED2219D8C1DB0072F597 /* favorite_grey_off.png */; };
		751BED2719D8C1DB0072F597 /* favorite_yellow_on.png in Resources */ = {isa = PBXBuildFile; fileRef = 751BED2319D8C1DB0072F597 /* favorite_yellow_on.png */; };
		751BED2819D8C1DB0072F597 /* reply_grey.png in Resources */ = {isa = PBXBuildFile; fileRef = 751BED2419D8C1DB0072F597 /* reply_grey.png */; };
		751BED2919D8C1DB0072F597 /* retweeted_grey.png in Resources */ = {isa = PBXBuildFile; fileRef = 751BED2519D8C1DB0072F597 /* retweeted_grey.png */; };
		754DA89D19D7356200C81F7E /* TwitterLoginViewController.swift in Sources */ = {isa = PBXBuildFile; fileRef = 754DA89C19D7356200C81F7E /* TwitterLoginViewController.swift */; };
		75B13C3719D4C37500C41661 /* TwitterClient.swift in Sources */ = {isa = PBXBuildFile; fileRef = 75B13C3619D4C37500C41661 /* TwitterClient.swift */; };
		75B13C3919D4C99800C41661 /* Tweet.swift in Sources */ = {isa = PBXBuildFile; fileRef = 75B13C3819D4C99800C41661 /* Tweet.swift */; };
		75B13C3B19D4C9D400C41661 /* User.swift in Sources */ = {isa = PBXBuildFile; fileRef = 75B13C3A19D4C9D400C41661 /* User.swift */; };
		75B13C3D19D4D20700C41661 /* TweetTableViewCell.swift in Sources */ = {isa = PBXBuildFile; fileRef = 75B13C3C19D4D20700C41661 /* TweetTableViewCell.swift */; };
		75F7341519D8A96400120DCA /* DetailTweetViewController.swift in Sources */ = {isa = PBXBuildFile; fileRef = 75F7341419D8A96400120DCA /* DetailTweetViewController.swift */; };
		9CB29E69623E41828DFCC473 /* libPods.a in Frameworks */ = {isa = PBXBuildFile; fileRef = 4AA664C96EB3445D8D936B0C /* libPods.a */; };
/* End PBXBuildFile section */

/* Begin PBXContainerItemProxy section */
		751950D119D3AD51007ED03C /* PBXContainerItemProxy */ = {
			isa = PBXContainerItemProxy;
			containerPortal = 751950B319D3AD51007ED03C /* Project object */;
			proxyType = 1;
			remoteGlobalIDString = 751950BA19D3AD51007ED03C;
			remoteInfo = "ios-twitter-client";
		};
/* End PBXContainerItemProxy section */

/* Begin PBXFileReference section */
		4AA664C96EB3445D8D936B0C /* libPods.a */ = {isa = PBXFileReference; explicitFileType = archive.ar; includeInIndex = 0; path = libPods.a; sourceTree = BUILT_PRODUCTS_DIR; };
		751950BB19D3AD51007ED03C /* ios-twitter-client.app */ = {isa = PBXFileReference; explicitFileType = wrapper.application; includeInIndex = 0; path = "ios-twitter-client.app"; sourceTree = BUILT_PRODUCTS_DIR; };
		751950BF19D3AD51007ED03C /* Info.plist */ = {isa = PBXFileReference; lastKnownFileType = text.plist.xml; path = Info.plist; sourceTree = "<group>"; };
		751950C019D3AD51007ED03C /* AppDelegate.swift */ = {isa = PBXFileReference; lastKnownFileType = sourcecode.swift; path = AppDelegate.swift; sourceTree = "<group>"; };
		751950C219D3AD51007ED03C /* ViewController.swift */ = {isa = PBXFileReference; lastKnownFileType = sourcecode.swift; path = ViewController.swift; sourceTree = "<group>"; };
		751950C519D3AD51007ED03C /* Base */ = {isa = PBXFileReference; lastKnownFileType = file.storyboard; name = Base; path = Base.lproj/Main.storyboard; sourceTree = "<group>"; };
		751950C719D3AD51007ED03C /* Images.xcassets */ = {isa = PBXFileReference; lastKnownFileType = folder.assetcatalog; path = Images.xcassets; sourceTree = "<group>"; };
		751950CA19D3AD51007ED03C /* Base */ = {isa = PBXFileReference; lastKnownFileType = file.xib; name = Base; path = Base.lproj/LaunchScreen.xib; sourceTree = "<group>"; };
		751950D019D3AD51007ED03C /* ios-twitter-clientTests.xctest */ = {isa = PBXFileReference; explicitFileType = wrapper.cfbundle; includeInIndex = 0; path = "ios-twitter-clientTests.xctest"; sourceTree = BUILT_PRODUCTS_DIR; };
		751950D519D3AD51007ED03C /* Info.plist */ = {isa = PBXFileReference; lastKnownFileType = text.plist.xml; path = Info.plist; sourceTree = "<group>"; };
		751950D619D3AD51007ED03C /* ios_twitter_clientTests.swift */ = {isa = PBXFileReference; lastKnownFileType = sourcecode.swift; path = ios_twitter_clientTests.swift; sourceTree = "<group>"; };
		751BED2219D8C1DB0072F597 /* favorite_grey_off.png */ = {isa = PBXFileReference; lastKnownFileType = image.png; path = favorite_grey_off.png; sourceTree = "<group>"; };
		751BED2319D8C1DB0072F597 /* favorite_yellow_on.png */ = {isa = PBXFileReference; lastKnownFileType = image.png; path = favorite_yellow_on.png; sourceTree = "<group>"; };
		751BED2419D8C1DB0072F597 /* reply_grey.png */ = {isa = PBXFileReference; lastKnownFileType = image.png; path = reply_grey.png; sourceTree = "<group>"; };
		751BED2519D8C1DB0072F597 /* retweeted_grey.png */ = {isa = PBXFileReference; lastKnownFileType = image.png; path = retweeted_grey.png; sourceTree = "<group>"; };
		754DA89C19D7356200C81F7E /* TwitterLoginViewController.swift */ = {isa = PBXFileReference; fileEncoding = 4; lastKnownFileType = sourcecode.swift; path = TwitterLoginViewController.swift; sourceTree = "<group>"; };
		75B13C3619D4C37500C41661 /* TwitterClient.swift */ = {isa = PBXFileReference; fileEncoding = 4; lastKnownFileType = sourcecode.swift; path = TwitterClient.swift; sourceTree = "<group>"; };
		75B13C3819D4C99800C41661 /* Tweet.swift */ = {isa = PBXFileReference; fileEncoding = 4; lastKnownFileType = sourcecode.swift; path = Tweet.swift; sourceTree = "<group>"; };
		75B13C3A19D4C9D400C41661 /* User.swift */ = {isa = PBXFileReference; fileEncoding = 4; lastKnownFileType = sourcecode.swift; path = User.swift; sourceTree = "<group>"; };
		75B13C3C19D4D20700C41661 /* TweetTableViewCell.swift */ = {isa = PBXFileReference; fileEncoding = 4; lastKnownFileType = sourcecode.swift; path = TweetTableViewCell.swift; sourceTree = "<group>"; };
		75B13C3E19D4D33A00C41661 /* ios-twitter-client-Bridging-Header.h */ = {isa = PBXFileReference; lastKnownFileType = sourcecode.c.h; path = "ios-twitter-client-Bridging-Header.h"; sourceTree = "<group>"; };
		75F7341419D8A96400120DCA /* DetailTweetViewController.swift */ = {isa = PBXFileReference; fileEncoding = 4; lastKnownFileType = sourcecode.swift; path = DetailTweetViewController.swift; sourceTree = "<group>"; };
		F8B596B6FA1D487A9EC7A76C /* Pods.xcconfig */ = {isa = PBXFileReference; includeInIndex = 1; lastKnownFileType = text.xcconfig; name = Pods.xcconfig; path = Pods/Pods.xcconfig; sourceTree = "<group>"; };
/* End PBXFileReference section */

/* Begin PBXFrameworksBuildPhase section */
		751950B819D3AD51007ED03C /* Frameworks */ = {
			isa = PBXFrameworksBuildPhase;
			buildActionMask = 2147483647;
			files = (
				9CB29E69623E41828DFCC473 /* libPods.a in Frameworks */,
			);
			runOnlyForDeploymentPostprocessing = 0;
		};
		751950CD19D3AD51007ED03C /* Frameworks */ = {
			isa = PBXFrameworksBuildPhase;
			buildActionMask = 2147483647;
			files = (
			);
			runOnlyForDeploymentPostprocessing = 0;
		};
/* End PBXFrameworksBuildPhase section */

/* Begin PBXGroup section */
		74D0BA255E6C46C2BA8A51C9 /* Frameworks */ = {
			isa = PBXGroup;
			children = (
				4AA664C96EB3445D8D936B0C /* libPods.a */,
			);
			name = Frameworks;
			sourceTree = "<group>";
		};
		751950B219D3AD51007ED03C = {
			isa = PBXGroup;
			children = (
				751950BD19D3AD51007ED03C /* ios-twitter-client */,
				751950D319D3AD51007ED03C /* ios-twitter-clientTests */,
				751950BC19D3AD51007ED03C /* Products */,
				F8B596B6FA1D487A9EC7A76C /* Pods.xcconfig */,
				74D0BA255E6C46C2BA8A51C9 /* Frameworks */,
				75B13C3E19D4D33A00C41661 /* ios-twitter-client-Bridging-Header.h */,
			);
			sourceTree = "<group>";
		};
		751950BC19D3AD51007ED03C /* Products */ = {
			isa = PBXGroup;
			children = (
				751950BB19D3AD51007ED03C /* ios-twitter-client.app */,
				751950D019D3AD51007ED03C /* ios-twitter-clientTests.xctest */,
			);
			name = Products;
			sourceTree = "<group>";
		};
		751950BD19D3AD51007ED03C /* ios-twitter-client */ = {
			isa = PBXGroup;
			children = (
				75B13C3519D4C33600C41661 /* Networking */,
				75B13C3419D4C33200C41661 /* Models */,
				75B13C3319D4C32800C41661 /* View Controllers */,
				751950C019D3AD51007ED03C /* AppDelegate.swift */,
				751950C419D3AD51007ED03C /* Main.storyboard */,
				751950C719D3AD51007ED03C /* Images.xcassets */,
				751950C919D3AD51007ED03C /* LaunchScreen.xib */,
				751950BE19D3AD51007ED03C /* Supporting Files */,
				75B13C3C19D4D20700C41661 /* TweetTableViewCell.swift */,
			);
			path = "ios-twitter-client";
			sourceTree = "<group>";
		};
		751950BE19D3AD51007ED03C /* Supporting Files */ = {
			isa = PBXGroup;
			children = (
				751BED2219D8C1DB0072F597 /* favorite_grey_off.png */,
				751BED2319D8C1DB0072F597 /* favorite_yellow_on.png */,
				751BED2419D8C1DB0072F597 /* reply_grey.png */,
				751BED2519D8C1DB0072F597 /* retweeted_grey.png */,
				751950BF19D3AD51007ED03C /* Info.plist */,
			);
			name = "Supporting Files";
			sourceTree = "<group>";
		};
		751950D319D3AD51007ED03C /* ios-twitter-clientTests */ = {
			isa = PBXGroup;
			children = (
				751950D619D3AD51007ED03C /* ios_twitter_clientTests.swift */,
				751950D419D3AD51007ED03C /* Supporting Files */,
			);
			path = "ios-twitter-clientTests";
			sourceTree = "<group>";
		};
		751950D419D3AD51007ED03C /* Supporting Files */ = {
			isa = PBXGroup;
			children = (
				751950D519D3AD51007ED03C /* Info.plist */,
			);
			name = "Supporting Files";
			sourceTree = "<group>";
		};
		75B13C3319D4C32800C41661 /* View Controllers */ = {
			isa = PBXGroup;
			children = (
				754DA89C19D7356200C81F7E /* TwitterLoginViewController.swift */,
				751950C219D3AD51007ED03C /* ViewController.swift */,
				75F7341419D8A96400120DCA /* DetailTweetViewController.swift */,
			);
			name = "View Controllers";
			sourceTree = "<group>";
		};
		75B13C3419D4C33200C41661 /* Models */ = {
			isa = PBXGroup;
			children = (
				75B13C3819D4C99800C41661 /* Tweet.swift */,
				75B13C3A19D4C9D400C41661 /* User.swift */,
			);
			name = Models;
			sourceTree = "<group>";
		};
		75B13C3519D4C33600C41661 /* Networking */ = {
			isa = PBXGroup;
			children = (
				75B13C3619D4C37500C41661 /* TwitterClient.swift */,
			);
			name = Networking;
			sourceTree = "<group>";
		};
/* End PBXGroup section */

/* Begin PBXNativeTarget section */
		751950BA19D3AD51007ED03C /* ios-twitter-client */ = {
			isa = PBXNativeTarget;
			buildConfigurationList = 751950DA19D3AD51007ED03C /* Build configuration list for PBXNativeTarget "ios-twitter-client" */;
			buildPhases = (
				DADF2839EDBB4B81B5D7605C /* Check Pods Manifest.lock */,
				751950B719D3AD51007ED03C /* Sources */,
				751950B819D3AD51007ED03C /* Frameworks */,
				751950B919D3AD51007ED03C /* Resources */,
				3A48CCBAC82C42B28E2A84AF /* Copy Pods Resources */,
			);
			buildRules = (
			);
			dependencies = (
			);
			name = "ios-twitter-client";
			productName = "ios-twitter-client";
			productReference = 751950BB19D3AD51007ED03C /* ios-twitter-client.app */;
			productType = "com.apple.product-type.application";
		};
		751950CF19D3AD51007ED03C /* ios-twitter-clientTests */ = {
			isa = PBXNativeTarget;
			buildConfigurationList = 751950DD19D3AD51007ED03C /* Build configuration list for PBXNativeTarget "ios-twitter-clientTests" */;
			buildPhases = (
				751950CC19D3AD51007ED03C /* Sources */,
				751950CD19D3AD51007ED03C /* Frameworks */,
				751950CE19D3AD51007ED03C /* Resources */,
			);
			buildRules = (
			);
			dependencies = (
				751950D219D3AD51007ED03C /* PBXTargetDependency */,
			);
			name = "ios-twitter-clientTests";
			productName = "ios-twitter-clientTests";
			productReference = 751950D019D3AD51007ED03C /* ios-twitter-clientTests.xctest */;
			productType = "com.apple.product-type.bundle.unit-test";
		};
/* End PBXNativeTarget section */

/* Begin PBXProject section */
		751950B319D3AD51007ED03C /* Project object */ = {
			isa = PBXProject;
			attributes = {
				LastUpgradeCheck = 0600;
				ORGANIZATIONNAME = "Average Techie";
				TargetAttributes = {
					751950BA19D3AD51007ED03C = {
						CreatedOnToolsVersion = 6.0;
					};
					751950CF19D3AD51007ED03C = {
						CreatedOnToolsVersion = 6.0;
						TestTargetID = 751950BA19D3AD51007ED03C;
					};
				};
			};
			buildConfigurationList = 751950B619D3AD51007ED03C /* Build configuration list for PBXProject "ios-twitter-client" */;
			compatibilityVersion = "Xcode 3.2";
			developmentRegion = English;
			hasScannedForEncodings = 0;
			knownRegions = (
				en,
				Base,
			);
			mainGroup = 751950B219D3AD51007ED03C;
			productRefGroup = 751950BC19D3AD51007ED03C /* Products */;
			projectDirPath = "";
			projectRoot = "";
			targets = (
				751950BA19D3AD51007ED03C /* ios-twitter-client */,
				751950CF19D3AD51007ED03C /* ios-twitter-clientTests */,
			);
		};
/* End PBXProject section */

/* Begin PBXResourcesBuildPhase section */
		751950B919D3AD51007ED03C /* Resources */ = {
			isa = PBXResourcesBuildPhase;
			buildActionMask = 2147483647;
			files = (
				751BED2619D8C1DB0072F597 /* favorite_grey_off.png in Resources */,
				751BED2919D8C1DB0072F597 /* retweeted_grey.png in Resources */,
				751BED2819D8C1DB0072F597 /* reply_grey.png in Resources */,
				751BED2719D8C1DB0072F597 /* favorite_yellow_on.png in Resources */,
				751950C619D3AD51007ED03C /* Main.storyboard in Resources */,
				751950CB19D3AD51007ED03C /* LaunchScreen.xib in Resources */,
				751950C819D3AD51007ED03C /* Images.xcassets in Resources */,
			);
			runOnlyForDeploymentPostprocessing = 0;
		};
		751950CE19D3AD51007ED03C /* Resources */ = {
			isa = PBXResourcesBuildPhase;
			buildActionMask = 2147483647;
			files = (
			);
			runOnlyForDeploymentPostprocessing = 0;
		};
/* End PBXResourcesBuildPhase section */

/* Begin PBXShellScriptBuildPhase section */
		3A48CCBAC82C42B28E2A84AF /* Copy Pods Resources */ = {
			isa = PBXShellScriptBuildPhase;
			buildActionMask = 2147483647;
			files = (
			);
			inputPaths = (
			);
			name = "Copy Pods Resources";
			outputPaths = (
			);
			runOnlyForDeploymentPostprocessing = 0;
			shellPath = /bin/sh;
			shellScript = "\"${SRCROOT}/Pods/Pods-resources.sh\"\n";
			showEnvVarsInLog = 0;
		};
		DADF2839EDBB4B81B5D7605C /* Check Pods Manifest.lock */ = {
			isa = PBXShellScriptBuildPhase;
			buildActionMask = 2147483647;
			files = (
			);
			inputPaths = (
			);
			name = "Check Pods Manifest.lock";
			outputPaths = (
			);
			runOnlyForDeploymentPostprocessing = 0;
			shellPath = /bin/sh;
			shellScript = "diff \"${PODS_ROOT}/../Podfile.lock\" \"${PODS_ROOT}/Manifest.lock\" > /dev/null\nif [[ $? != 0 ]] ; then\n    cat << EOM\nerror: The sandbox is not in sync with the Podfile.lock. Run 'pod install' or update your CocoaPods installation.\nEOM\n    exit 1\nfi\n";
			showEnvVarsInLog = 0;
		};
/* End PBXShellScriptBuildPhase section */

/* Begin PBXSourcesBuildPhase section */
		751950B719D3AD51007ED03C /* Sources */ = {
			isa = PBXSourcesBuildPhase;
			buildActionMask = 2147483647;
			files = (
				751950C319D3AD51007ED03C /* ViewController.swift in Sources */,
				75B13C3719D4C37500C41661 /* TwitterClient.swift in Sources */,
				751950C119D3AD51007ED03C /* AppDelegate.swift in Sources */,
				754DA89D19D7356200C81F7E /* TwitterLoginViewController.swift in Sources */,
				75B13C3B19D4C9D400C41661 /* User.swift in Sources */,
				75F7341519D8A96400120DCA /* DetailTweetViewController.swift in Sources */,
				75B13C3919D4C99800C41661 /* Tweet.swift in Sources */,
				75B13C3D19D4D20700C41661 /* TweetTableViewCell.swift in Sources */,
			);
			runOnlyForDeploymentPostprocessing = 0;
		};
		751950CC19D3AD51007ED03C /* Sources */ = {
			isa = PBXSourcesBuildPhase;
			buildActionMask = 2147483647;
			files = (
				751950D719D3AD51007ED03C /* ios_twitter_clientTests.swift in Sources */,
			);
			runOnlyForDeploymentPostprocessing = 0;
		};
/* End PBXSourcesBuildPhase section */

/* Begin PBXTargetDependency section */
		751950D219D3AD51007ED03C /* PBXTargetDependency */ = {
			isa = PBXTargetDependency;
			target = 751950BA19D3AD51007ED03C /* ios-twitter-client */;
			targetProxy = 751950D119D3AD51007ED03C /* PBXContainerItemProxy */;
		};
/* End PBXTargetDependency section */

/* Begin PBXVariantGroup section */
		751950C419D3AD51007ED03C /* Main.storyboard */ = {
			isa = PBXVariantGroup;
			children = (
				751950C519D3AD51007ED03C /* Base */,
			);
			name = Main.storyboard;
			sourceTree = "<group>";
		};
		751950C919D3AD51007ED03C /* LaunchScreen.xib */ = {
			isa = PBXVariantGroup;
			children = (
				751950CA19D3AD51007ED03C /* Base */,
			);
			name = LaunchScreen.xib;
			sourceTree = "<group>";
		};
/* End PBXVariantGroup section */

/* Begin XCBuildConfiguration section */
		751950D819D3AD51007ED03C /* Debug */ = {
			isa = XCBuildConfiguration;
			buildSettings = {
				ALWAYS_SEARCH_USER_PATHS = NO;
				CLANG_CXX_LANGUAGE_STANDARD = "gnu++0x";
				CLANG_CXX_LIBRARY = "libc++";
				CLANG_ENABLE_MODULES = YES;
				CLANG_ENABLE_OBJC_ARC = YES;
				CLANG_WARN_BOOL_CONVERSION = YES;
				CLANG_WARN_CONSTANT_CONVERSION = YES;
				CLANG_WARN_DIRECT_OBJC_ISA_USAGE = YES_ERROR;
				CLANG_WARN_EMPTY_BODY = YES;
				CLANG_WARN_ENUM_CONVERSION = YES;
				CLANG_WARN_INT_CONVERSION = YES;
				CLANG_WARN_OBJC_ROOT_CLASS = YES_ERROR;
				CLANG_WARN_UNREACHABLE_CODE = YES;
				CLANG_WARN__DUPLICATE_METHOD_MATCH = YES;
				"CODE_SIGN_IDENTITY[sdk=iphoneos*]" = "iPhone Developer";
				COPY_PHASE_STRIP = NO;
				ENABLE_STRICT_OBJC_MSGSEND = YES;
				GCC_C_LANGUAGE_STANDARD = gnu99;
				GCC_DYNAMIC_NO_PIC = NO;
				GCC_OPTIMIZATION_LEVEL = 0;
				GCC_PREPROCESSOR_DEFINITIONS = (
					"DEBUG=1",
					"$(inherited)",
				);
				GCC_SYMBOLS_PRIVATE_EXTERN = NO;
				GCC_WARN_64_TO_32_BIT_CONVERSION = YES;
				GCC_WARN_ABOUT_RETURN_TYPE = YES_ERROR;
				GCC_WARN_UNDECLARED_SELECTOR = YES;
				GCC_WARN_UNINITIALIZED_AUTOS = YES_AGGRESSIVE;
				GCC_WARN_UNUSED_FUNCTION = YES;
				GCC_WARN_UNUSED_VARIABLE = YES;
				IPHONEOS_DEPLOYMENT_TARGET = 8.0;
				MTL_ENABLE_DEBUG_INFO = YES;
				ONLY_ACTIVE_ARCH = YES;
				SDKROOT = iphoneos;
				SWIFT_OPTIMIZATION_LEVEL = "-Onone";
			};
			name = Debug;
		};
		751950D919D3AD51007ED03C /* Release */ = {
			isa = XCBuildConfiguration;
			buildSettings = {
				ALWAYS_SEARCH_USER_PATHS = NO;
				CLANG_CXX_LANGUAGE_STANDARD = "gnu++0x";
				CLANG_CXX_LIBRARY = "libc++";
				CLANG_ENABLE_MODULES = YES;
				CLANG_ENABLE_OBJC_ARC = YES;
				CLANG_WARN_BOOL_CONVERSION = YES;
				CLANG_WARN_CONSTANT_CONVERSION = YES;
				CLANG_WARN_DIRECT_OBJC_ISA_USAGE = YES_ERROR;
				CLANG_WARN_EMPTY_BODY = YES;
				CLANG_WARN_ENUM_CONVERSION = YES;
				CLANG_WARN_INT_CONVERSION = YES;
				CLANG_WARN_OBJC_ROOT_CLASS = YES_ERROR;
				CLANG_WARN_UNREACHABLE_CODE = YES;
				CLANG_WARN__DUPLICATE_METHOD_MATCH = YES;
				"CODE_SIGN_IDENTITY[sdk=iphoneos*]" = "iPhone Developer";
				COPY_PHASE_STRIP = YES;
				ENABLE_NS_ASSERTIONS = NO;
				ENABLE_STRICT_OBJC_MSGSEND = YES;
				GCC_C_LANGUAGE_STANDARD = gnu99;
				GCC_WARN_64_TO_32_BIT_CONVERSION = YES;
				GCC_WARN_ABOUT_RETURN_TYPE = YES_ERROR;
				GCC_WARN_UNDECLARED_SELECTOR = YES;
				GCC_WARN_UNINITIALIZED_AUTOS = YES_AGGRESSIVE;
				GCC_WARN_UNUSED_FUNCTION = YES;
				GCC_WARN_UNUSED_VARIABLE = YES;
				IPHONEOS_DEPLOYMENT_TARGET = 8.0;
				MTL_ENABLE_DEBUG_INFO = NO;
				SDKROOT = iphoneos;
				VALIDATE_PRODUCT = YES;
			};
			name = Release;
		};
		751950DB19D3AD51007ED03C /* Debug */ = {
			isa = XCBuildConfiguration;
			baseConfigurationReference = F8B596B6FA1D487A9EC7A76C /* Pods.xcconfig */;
			buildSettings = {
				ASSETCATALOG_COMPILER_APPICON_NAME = AppIcon;
				CLANG_ENABLE_MODULES = YES;
				INFOPLIST_FILE = "ios-twitter-client/Info.plist";
				LD_RUNPATH_SEARCH_PATHS = "$(inherited) @executable_path/Frameworks";
				PRODUCT_NAME = "$(TARGET_NAME)";
				SWIFT_OBJC_BRIDGING_HEADER = "ios-twitter-client-Bridging-Header.h";
				SWIFT_OPTIMIZATION_LEVEL = "-Onone";
			};
			name = Debug;
		};
		751950DC19D3AD51007ED03C /* Release */ = {
			isa = XCBuildConfiguration;
			baseConfigurationReference = F8B596B6FA1D487A9EC7A76C /* Pods.xcconfig */;
			buildSettings = {
				ASSETCATALOG_COMPILER_APPICON_NAME = AppIcon;
				CLANG_ENABLE_MODULES = YES;
				INFOPLIST_FILE = "ios-twitter-client/Info.plist";
				LD_RUNPATH_SEARCH_PATHS = "$(inherited) @executable_path/Frameworks";
				PRODUCT_NAME = "$(TARGET_NAME)";
				SWIFT_OBJC_BRIDGING_HEADER = "ios-twitter-client-Bridging-Header.h";
			};
			name = Release;
		};
		751950DE19D3AD51007ED03C /* Debug */ = {
			isa = XCBuildConfiguration;
			buildSettings = {
				BUNDLE_LOADER = "$(TEST_HOST)";
				FRAMEWORK_SEARCH_PATHS = (
					"$(SDKROOT)/Developer/Library/Frameworks",
					"$(inherited)",
				);
				GCC_PREPROCESSOR_DEFINITIONS = (
					"DEBUG=1",
					"$(inherited)",
				);
				INFOPLIST_FILE = "ios-twitter-clientTests/Info.plist";
				LD_RUNPATH_SEARCH_PATHS = "$(inherited) @executable_path/Frameworks @loader_path/Frameworks";
				PRODUCT_NAME = "$(TARGET_NAME)";
				TEST_HOST = "$(BUILT_PRODUCTS_DIR)/ios-twitter-client.app/ios-twitter-client";
			};
			name = Debug;
		};
		751950DF19D3AD51007ED03C /* Release */ = {
			isa = XCBuildConfiguration;
			buildSettings = {
				BUNDLE_LOADER = "$(TEST_HOST)";
				FRAMEWORK_SEARCH_PATHS = (
					"$(SDKROOT)/Developer/Library/Frameworks",
					"$(inherited)",
				);
				INFOPLIST_FILE = "ios-twitter-clientTests/Info.plist";
				LD_RUNPATH_SEARCH_PATHS = "$(inherited) @executable_path/Frameworks @loader_path/Frameworks";
				PRODUCT_NAME = "$(TARGET_NAME)";
				TEST_HOST = "$(BUILT_PRODUCTS_DIR)/ios-twitter-client.app/ios-twitter-client";
			};
			name = Release;
		};
/* End XCBuildConfiguration section */

/* Begin XCConfigurationList section */
		751950B619D3AD51007ED03C /* Build configuration list for PBXProject "ios-twitter-client" */ = {
			isa = XCConfigurationList;
			buildConfigurations = (
				751950D819D3AD51007ED03C /* Debug */,
				751950D919D3AD51007ED03C /* Release */,
			);
			defaultConfigurationIsVisible = 0;
			defaultConfigurationName = Release;
		};
		751950DA19D3AD51007ED03C /* Build configuration list for PBXNativeTarget "ios-twitter-client" */ = {
			isa = XCConfigurationList;
			buildConfigurations = (
				751950DB19D3AD51007ED03C /* Debug */,
				751950DC19D3AD51007ED03C /* Release */,
			);
			defaultConfigurationIsVisible = 0;
			defaultConfigurationName = Release;
		};
		751950DD19D3AD51007ED03C /* Build configuration list for PBXNativeTarget "ios-twitter-clientTests" */ = {
			isa = XCConfigurationList;
			buildConfigurations = (
				751950DE19D3AD51007ED03C /* Debug */,
				751950DF19D3AD51007ED03C /* Release */,
			);
			defaultConfigurationIsVisible = 0;
			defaultConfigurationName = Release;
		};
/* End XCConfigurationList section */
	};
	rootObject = 751950B319D3AD51007ED03C /* Project object */;
}
